
Microsoft Visual Studio Solution File, Format Version 12.00
# Visual Studio Version 16
VisualStudioVersion = 16.0.31829.152
MinimumVisualStudioVersion = 10.0.40219.1
Project("{9A19103F-16F7-4668-BE54-9A1E7A4F7556}") = "FSD_Project.Server", "Server\FSD_Project.Server.csproj", "{CF772D01-B783-4852-8D4B-9E75D27184EB}"
EndProject
Project("{9A19103F-16F7-4668-BE54-9A1E7A4F7556}") = "FSD_Project.Client", "Client\FSD_Project.Client.csproj", "{31544375-D85A-49B6-9595-E2A587F41220}"
EndProject
Project("{9A19103F-16F7-4668-BE54-9A1E7A4F7556}") = "FSD_Project.Shared", "Shared\FSD_Project.Shared.csproj", "{030209B7-89E7-4854-B348-FAF13C6B6258}"
EndProject
Global
	GlobalSection(SolutionConfigurationPlatforms) = preSolution
		Debug|Any CPU = Debug|Any CPU
		Release|Any CPU = Release|Any CPU
	EndGlobalSection
	GlobalSection(ProjectConfigurationPlatforms) = postSolution
		{CF772D01-B783-4852-8D4B-9E75D27184EB}.Debug|Any CPU.ActiveCfg = Debug|Any CPU
		{CF772D01-B783-4852-8D4B-9E75D27184EB}.Debug|Any CPU.Build.0 = Debug|Any CPU
		{CF772D01-B783-4852-8D4B-9E75D27184EB}.Release|Any CPU.ActiveCfg = Release|Any CPU
		{CF772D01-B783-4852-8D4B-9E75D27184EB}.Release|Any CPU.Build.0 = Release|Any CPU
		{31544375-D85A-49B6-9595-E2A587F41220}.Debug|Any CPU.ActiveCfg = Debug|Any CPU
		{31544375-D85A-49B6-9595-E2A587F41220}.Debug|Any CPU.Build.0 = Debug|Any CPU
		{31544375-D85A-49B6-9595-E2A587F41220}.Release|Any CPU.ActiveCfg = Release|Any CPU
		{31544375-D85A-49B6-9595-E2A587F41220}.Release|Any CPU.Build.0 = Release|Any CPU
		{030209B7-89E7-4854-B348-FAF13C6B6258}.Debug|Any CPU.ActiveCfg = Debug|Any CPU
		{030209B7-89E7-4854-B348-FAF13C6B6258}.Debug|Any CPU.Build.0 = Debug|Any CPU
		{030209B7-89E7-4854-B348-FAF13C6B6258}.Release|Any CPU.ActiveCfg = Release|Any CPU
		{030209B7-89E7-4854-B348-FAF13C6B6258}.Release|Any CPU.Build.0 = Release|Any CPU
	EndGlobalSection
	GlobalSection(SolutionProperties) = preSolution
		HideSolutionNode = FALSE
	EndGlobalSection
	GlobalSection(ExtensibilityGlobals) = postSolution
		SolutionGuid = {96359411-876A-44A4-A572-DA152694548D}
	EndGlobalSection
EndGlobal
